
Microsoft Visual Studio Solution File, Format Version 12.00
# Visual Studio Version 17
VisualStudioVersion = 17.3.32929.385
MinimumVisualStudioVersion = 10.0.40219.1
Project("{FAE04EC0-301F-11D3-BF4B-00C04F79EFBC}") = "Speak3Po", "Speak3Po.csproj", "{36211CD9-FE6E-4F34-BA65-F0C1FD8256BE}"
EndProject
Global
	GlobalSection(SolutionConfigurationPlatforms) = preSolution
		Debug|Any CPU = Debug|Any CPU
		Release|Any CPU = Release|Any CPU
	EndGlobalSection
	GlobalSection(ProjectConfigurationPlatforms) = postSolution
		{36211CD9-FE6E-4F34-BA65-F0C1FD8256BE}.Debug|Any CPU.ActiveCfg = Debug|Any CPU
		{36211CD9-FE6E-4F34-BA65-F0C1FD8256BE}.Debug|Any CPU.Build.0 = Debug|Any CPU
		{36211CD9-FE6E-4F34-BA65-F0C1FD8256BE}.Release|Any CPU.ActiveCfg = Release|Any CPU
		{36211CD9-FE6E-4F34-BA65-F0C1FD8256BE}.Release|Any CPU.Build.0 = Release|Any CPU
	EndGlobalSection
	GlobalSection(SolutionProperties) = preSolution
		HideSolutionNode = FALSE
	EndGlobalSection
	GlobalSection(ExtensibilityGlobals) = postSolution
		SolutionGuid = {54BE275C-A9DE-4EEF-B206-7C09DF2E4647}
	EndGlobalSection
EndGlobal
